
Microsoft Visual Studio Solution File, Format Version 12.00
# Visual Studio Version 17
VisualStudioVersion = 17.8.34322.80
MinimumVisualStudioVersion = 10.0.40219.1
Project("{F184B08F-C81C-45F6-A57F-5ABD9991F28F}") = "11.Into To VB", "11.Into To VB.vbproj", "{0014C8FC-09A8-4684-BF62-1F62C6C0DED5}"
EndProject
Global
	GlobalSection(SolutionConfigurationPlatforms) = preSolution
		Debug|Any CPU = Debug|Any CPU
		Release|Any CPU = Release|Any CPU
	EndGlobalSection
	GlobalSection(ProjectConfigurationPlatforms) = postSolution
		{0014C8FC-09A8-4684-BF62-1F62C6C0DED5}.Debug|Any CPU.ActiveCfg = Debug|Any CPU
		{0014C8FC-09A8-4684-BF62-1F62C6C0DED5}.Debug|Any CPU.Build.0 = Debug|Any CPU
		{0014C8FC-09A8-4684-BF62-1F62C6C0DED5}.Release|Any CPU.ActiveCfg = Release|Any CPU
		{0014C8FC-09A8-4684-BF62-1F62C6C0DED5}.Release|Any CPU.Build.0 = Release|Any CPU
	EndGlobalSection
	GlobalSection(SolutionProperties) = preSolution
		HideSolutionNode = FALSE
	EndGlobalSection
	GlobalSection(ExtensibilityGlobals) = postSolution
		SolutionGuid = {FCB96A1D-E916-424F-BE32-D663F9BAAD6E}
	EndGlobalSection
EndGlobal
